
Microsoft Visual Studio Solution File, Format Version 12.00
# Visual Studio 15
VisualStudioVersion = 15.0.28307.421
MinimumVisualStudioVersion = 10.0.40219.1
Project("{FAE04EC0-301F-11D3-BF4B-00C04F79EFBC}") = "Shop.UI", "Shop.UI\Shop.UI.csproj", "{AF4B4E16-C03A-40B9-9C45-272EBA14D2EA}"
EndProject
Project("{FAE04EC0-301F-11D3-BF4B-00C04F79EFBC}") = "Shop.Domain", "Shop.Domain\Shop.Domain.csproj", "{0746AA72-2744-426B-B079-C8853D0D97FA}"
EndProject
Project("{FAE04EC0-301F-11D3-BF4B-00C04F79EFBC}") = "Shop.Application", "Shop.Application\Shop.Application.csproj", "{F112AE31-4FCC-4711-A02B-A18CF2A408EC}"
EndProject
Project("{FAE04EC0-301F-11D3-BF4B-00C04F79EFBC}") = "Shop.Database", "Shop.Database\Shop.Database.csproj", "{C35FDFB2-3945-4BE1-9482-47E6795389A4}"
EndProject
Global
	GlobalSection(SolutionConfigurationPlatforms) = preSolution
		Debug|Any CPU = Debug|Any CPU
		Release|Any CPU = Release|Any CPU
	EndGlobalSection
	GlobalSection(ProjectConfigurationPlatforms) = postSolution
		{AF4B4E16-C03A-40B9-9C45-272EBA14D2EA}.Debug|Any CPU.ActiveCfg = Debug|Any CPU
		{AF4B4E16-C03A-40B9-9C45-272EBA14D2EA}.Debug|Any CPU.Build.0 = Debug|Any CPU
		{AF4B4E16-C03A-40B9-9C45-272EBA14D2EA}.Release|Any CPU.ActiveCfg = Release|Any CPU
		{AF4B4E16-C03A-40B9-9C45-272EBA14D2EA}.Release|Any CPU.Build.0 = Release|Any CPU
		{0746AA72-2744-426B-B079-C8853D0D97FA}.Debug|Any CPU.ActiveCfg = Debug|Any CPU
		{0746AA72-2744-426B-B079-C8853D0D97FA}.Debug|Any CPU.Build.0 = Debug|Any CPU
		{0746AA72-2744-426B-B079-C8853D0D97FA}.Release|Any CPU.ActiveCfg = Release|Any CPU
		{0746AA72-2744-426B-B079-C8853D0D97FA}.Release|Any CPU.Build.0 = Release|Any CPU
		{F112AE31-4FCC-4711-A02B-A18CF2A408EC}.Debug|Any CPU.ActiveCfg = Debug|Any CPU
		{F112AE31-4FCC-4711-A02B-A18CF2A408EC}.Debug|Any CPU.Build.0 = Debug|Any CPU
		{F112AE31-4FCC-4711-A02B-A18CF2A408EC}.Release|Any CPU.ActiveCfg = Release|Any CPU
		{F112AE31-4FCC-4711-A02B-A18CF2A408EC}.Release|Any CPU.Build.0 = Release|Any CPU
		{C35FDFB2-3945-4BE1-9482-47E6795389A4}.Debug|Any CPU.ActiveCfg = Debug|Any CPU
		{C35FDFB2-3945-4BE1-9482-47E6795389A4}.Debug|Any CPU.Build.0 = Debug|Any CPU
		{C35FDFB2-3945-4BE1-9482-47E6795389A4}.Release|Any CPU.ActiveCfg = Release|Any CPU
		{C35FDFB2-3945-4BE1-9482-47E6795389A4}.Release|Any CPU.Build.0 = Release|Any CPU
	EndGlobalSection
	GlobalSection(SolutionProperties) = preSolution
		HideSolutionNode = FALSE
	EndGlobalSection
	GlobalSection(ExtensibilityGlobals) = postSolution
		SolutionGuid = {B7966BA6-61F7-40F3-AE62-C476DFEE0194}
	EndGlobalSection
EndGlobal
